
Microsoft Visual Studio Solution File, Format Version 12.00
# Visual Studio Version 16
VisualStudioVersion = 16.0.29009.5
MinimumVisualStudioVersion = 10.0.40219.1
Project("{9A19103F-16F7-4668-BE54-9A1E7A4F7556}") = "FabsAFTrigBindSess", "FabsAFTrigBindSess\FabsAFTrigBindSess.csproj", "{0DE9B332-F8C9-4249-B5BD-03C0BFF9AB7C}"
EndProject
Global
	GlobalSection(SolutionConfigurationPlatforms) = preSolution
		Debug|Any CPU = Debug|Any CPU
		Release|Any CPU = Release|Any CPU
	EndGlobalSection
	GlobalSection(ProjectConfigurationPlatforms) = postSolution
		{0DE9B332-F8C9-4249-B5BD-03C0BFF9AB7C}.Debug|Any CPU.ActiveCfg = Debug|Any CPU
		{0DE9B332-F8C9-4249-B5BD-03C0BFF9AB7C}.Debug|Any CPU.Build.0 = Debug|Any CPU
		{0DE9B332-F8C9-4249-B5BD-03C0BFF9AB7C}.Release|Any CPU.ActiveCfg = Release|Any CPU
		{0DE9B332-F8C9-4249-B5BD-03C0BFF9AB7C}.Release|Any CPU.Build.0 = Release|Any CPU
	EndGlobalSection
	GlobalSection(SolutionProperties) = preSolution
		HideSolutionNode = FALSE
	EndGlobalSection
	GlobalSection(ExtensibilityGlobals) = postSolution
		SolutionGuid = {106CC055-5E94-4D00-B359-F0E5599547EE}
	EndGlobalSection
EndGlobal
